Microsoft Visual Studio Solution File, Format Version 11.00
# Visual Studio 2008

Project("{EAEB30F9-F18E-0C50-B178-676F3EAEF45F}") = "Task", "Assembly-CSharp.csproj", "{873CB76C-D80B-A0D2-540E-2619F66152E0}"
EndProject
Global
	GlobalSection(SolutionConfigurationPlatforms) = preSolution
		Debug|Any CPU = Debug|Any CPU
		Release|Any CPU = Release|Any CPU
	EndGlobalSection
	GlobalSection(ProjectConfigurationPlatforms) = postSolution
		{873CB76C-D80B-A0D2-540E-2619F66152E0}.Debug|Any CPU.ActiveCfg = Debug|Any CPU
		{873CB76C-D80B-A0D2-540E-2619F66152E0}.Debug|Any CPU.Build.0 = Debug|Any CPU
		{873CB76C-D80B-A0D2-540E-2619F66152E0}.Release|Any CPU.ActiveCfg = Release|Any CPU
		{873CB76C-D80B-A0D2-540E-2619F66152E0}.Release|Any CPU.Build.0 = Release|Any CPU
	EndGlobalSection
	GlobalSection(SolutionProperties) = preSolution
		HideSolutionNode = FALSE
	EndGlobalSection
	GlobalSection(MonoDevelopProperties) = preSolution
		StartupItem = Assembly-CSharp.csproj
	EndGlobalSection
EndGlobal
